
Microsoft Visual Studio Solution File, Format Version 12.00
# Visual Studio Version 17
VisualStudioVersion = 17.11.35222.181
MinimumVisualStudioVersion = 10.0.40219.1
Project("{FAE04EC0-301F-11D3-BF4B-00C04F79EFBC}") = "SimpleTurnbasedNoClassFight", "SimpleTurnbasedNoClassFight\SimpleTurnbasedNoClassFight.csproj", "{C7B93697-E4D3-443D-AEA7-20234445972F}"
EndProject
Global
	GlobalSection(SolutionConfigurationPlatforms) = preSolution
		Debug|Any CPU = Debug|Any CPU
		Release|Any CPU = Release|Any CPU
	EndGlobalSection
	GlobalSection(ProjectConfigurationPlatforms) = postSolution
		{C7B93697-E4D3-443D-AEA7-20234445972F}.Debug|Any CPU.ActiveCfg = Debug|Any CPU
		{C7B93697-E4D3-443D-AEA7-20234445972F}.Debug|Any CPU.Build.0 = Debug|Any CPU
		{C7B93697-E4D3-443D-AEA7-20234445972F}.Release|Any CPU.ActiveCfg = Release|Any CPU
		{C7B93697-E4D3-443D-AEA7-20234445972F}.Release|Any CPU.Build.0 = Release|Any CPU
	EndGlobalSection
	GlobalSection(SolutionProperties) = preSolution
		HideSolutionNode = FALSE
	EndGlobalSection
	GlobalSection(ExtensibilityGlobals) = postSolution
		SolutionGuid = {8101A016-53E2-40D9-A1F8-27EFFE412EDA}
	EndGlobalSection
EndGlobal
