
Microsoft Visual Studio Solution File, Format Version 12.00
# Visual Studio Version 17
VisualStudioVersion = 17.11.35222.181
MinimumVisualStudioVersion = 10.0.40219.1
Project("{FAE04EC0-301F-11D3-BF4B-00C04F79EFBC}") = "unfairCoinFlip", "unfairCoinFlip\unfairCoinFlip.csproj", "{D01F83CF-DCFA-4194-AFD2-DA67BEF98809}"
EndProject
Global
	GlobalSection(SolutionConfigurationPlatforms) = preSolution
		Debug|Any CPU = Debug|Any CPU
		Release|Any CPU = Release|Any CPU
	EndGlobalSection
	GlobalSection(ProjectConfigurationPlatforms) = postSolution
		{D01F83CF-DCFA-4194-AFD2-DA67BEF98809}.Debug|Any CPU.ActiveCfg = Debug|Any CPU
		{D01F83CF-DCFA-4194-AFD2-DA67BEF98809}.Debug|Any CPU.Build.0 = Debug|Any CPU
		{D01F83CF-DCFA-4194-AFD2-DA67BEF98809}.Release|Any CPU.ActiveCfg = Release|Any CPU
		{D01F83CF-DCFA-4194-AFD2-DA67BEF98809}.Release|Any CPU.Build.0 = Release|Any CPU
	EndGlobalSection
	GlobalSection(SolutionProperties) = preSolution
		HideSolutionNode = FALSE
	EndGlobalSection
	GlobalSection(ExtensibilityGlobals) = postSolution
		SolutionGuid = {4DCEA522-0132-4FAC-AD2B-57FD459B4385}
	EndGlobalSection
EndGlobal
